
Microsoft Visual Studio Solution File, Format Version 12.00
# Visual Studio Version 16
VisualStudioVersion = 16.0.31515.178
MinimumVisualStudioVersion = 10.0.40219.1
Project("{FAE04EC0-301F-11D3-BF4B-00C04F79EFBC}") = "PowerSupply", "PowerSupply.csproj", "{EFEC852C-22F9-4B62-89FF-7E168237F848}"
EndProject
Project("{FAE04EC0-301F-11D3-BF4B-00C04F79EFBC}") = "PowerSupplyTest", "..\PowerSupplyTest\PowerSupplyTest.csproj", "{C5D6C158-E2E3-4A45-8C4D-5907FD297679}"
	ProjectSection(ProjectDependencies) = postProject
		{EFEC852C-22F9-4B62-89FF-7E168237F848} = {EFEC852C-22F9-4B62-89FF-7E168237F848}
	EndProjectSection
EndProject
Global
	GlobalSection(SolutionConfigurationPlatforms) = preSolution
		Debug|Any CPU = Debug|Any CPU
		Release|Any CPU = Release|Any CPU
	EndGlobalSection
	GlobalSection(ProjectConfigurationPlatforms) = postSolution
		{EFEC852C-22F9-4B62-89FF-7E168237F848}.Debug|Any CPU.ActiveCfg = Debug|Any CPU
		{EFEC852C-22F9-4B62-89FF-7E168237F848}.Debug|Any CPU.Build.0 = Debug|Any CPU
		{EFEC852C-22F9-4B62-89FF-7E168237F848}.Release|Any CPU.ActiveCfg = Release|Any CPU
		{EFEC852C-22F9-4B62-89FF-7E168237F848}.Release|Any CPU.Build.0 = Release|Any CPU
		{C5D6C158-E2E3-4A45-8C4D-5907FD297679}.Debug|Any CPU.ActiveCfg = Debug|Any CPU
		{C5D6C158-E2E3-4A45-8C4D-5907FD297679}.Debug|Any CPU.Build.0 = Debug|Any CPU
		{C5D6C158-E2E3-4A45-8C4D-5907FD297679}.Release|Any CPU.ActiveCfg = Release|Any CPU
		{C5D6C158-E2E3-4A45-8C4D-5907FD297679}.Release|Any CPU.Build.0 = Release|Any CPU
	EndGlobalSection
	GlobalSection(SolutionProperties) = preSolution
		HideSolutionNode = FALSE
	EndGlobalSection
	GlobalSection(ExtensibilityGlobals) = postSolution
		SolutionGuid = {36A4E1CE-8865-4E8E-929D-C2B46D739C0C}
	EndGlobalSection
EndGlobal
